
Microsoft Visual Studio Solution File, Format Version 12.00
# Visual Studio Version 16
VisualStudioVersion = 16.0.30907.101
MinimumVisualStudioVersion = 10.0.40219.1
Project("{FAE04EC0-301F-11D3-BF4B-00C04F79EFBC}") = "XUnitTestMoq", "XUnitTestMoq\XUnitTestMoq.csproj", "{ADA3F698-E03C-4321-8029-D8B393C667AA}"
EndProject
Global
	GlobalSection(SolutionConfigurationPlatforms) = preSolution
		Debug|Any CPU = Debug|Any CPU
		Release|Any CPU = Release|Any CPU
	EndGlobalSection
	GlobalSection(ProjectConfigurationPlatforms) = postSolution
		{ADA3F698-E03C-4321-8029-D8B393C667AA}.Debug|Any CPU.ActiveCfg = Debug|Any CPU
		{ADA3F698-E03C-4321-8029-D8B393C667AA}.Debug|Any CPU.Build.0 = Debug|Any CPU
		{ADA3F698-E03C-4321-8029-D8B393C667AA}.Release|Any CPU.ActiveCfg = Release|Any CPU
		{ADA3F698-E03C-4321-8029-D8B393C667AA}.Release|Any CPU.Build.0 = Release|Any CPU
	EndGlobalSection
	GlobalSection(SolutionProperties) = preSolution
		HideSolutionNode = FALSE
	EndGlobalSection
	GlobalSection(ExtensibilityGlobals) = postSolution
		SolutionGuid = {74FA4CA4-61C1-4740-8228-3989AB392542}
	EndGlobalSection
EndGlobal
